
Microsoft Visual Studio Solution File, Format Version 12.00
# Visual Studio 15
VisualStudioVersion = 15.0.27428.2002
MinimumVisualStudioVersion = 10.0.40219.1
Project("{9A19103F-16F7-4668-BE54-9A1E7A4F7556}") = "DutchTreat.MVC", "DutchTreat.MVC.csproj", "{6284D9A4-1E6C-498E-AB01-829B31755141}"
EndProject
Project("{9A19103F-16F7-4668-BE54-9A1E7A4F7556}") = "DutchTreat.Library2", "..\DutchTreat.Library2\DutchTreat.Library2.csproj", "{4B1576CD-D91A-4169-84E4-F40C2B28FD47}"
EndProject
Project("{9A19103F-16F7-4668-BE54-9A1E7A4F7556}") = "DutchTreat.Api", "..\DutchTreat.Api\DutchTreat.Api.csproj", "{67304209-5983-4105-AAFC-2CCD494E457E}"
EndProject
Global
	GlobalSection(SolutionConfigurationPlatforms) = preSolution
		Debug|Any CPU = Debug|Any CPU
		Release|Any CPU = Release|Any CPU
	EndGlobalSection
	GlobalSection(ProjectConfigurationPlatforms) = postSolution
		{6284D9A4-1E6C-498E-AB01-829B31755141}.Debug|Any CPU.ActiveCfg = Debug|Any CPU
		{6284D9A4-1E6C-498E-AB01-829B31755141}.Debug|Any CPU.Build.0 = Debug|Any CPU
		{6284D9A4-1E6C-498E-AB01-829B31755141}.Release|Any CPU.ActiveCfg = Release|Any CPU
		{6284D9A4-1E6C-498E-AB01-829B31755141}.Release|Any CPU.Build.0 = Release|Any CPU
		{4B1576CD-D91A-4169-84E4-F40C2B28FD47}.Debug|Any CPU.ActiveCfg = Debug|Any CPU
		{4B1576CD-D91A-4169-84E4-F40C2B28FD47}.Debug|Any CPU.Build.0 = Debug|Any CPU
		{4B1576CD-D91A-4169-84E4-F40C2B28FD47}.Release|Any CPU.ActiveCfg = Release|Any CPU
		{4B1576CD-D91A-4169-84E4-F40C2B28FD47}.Release|Any CPU.Build.0 = Release|Any CPU
		{67304209-5983-4105-AAFC-2CCD494E457E}.Debug|Any CPU.ActiveCfg = Debug|Any CPU
		{67304209-5983-4105-AAFC-2CCD494E457E}.Debug|Any CPU.Build.0 = Debug|Any CPU
		{67304209-5983-4105-AAFC-2CCD494E457E}.Release|Any CPU.ActiveCfg = Release|Any CPU
		{67304209-5983-4105-AAFC-2CCD494E457E}.Release|Any CPU.Build.0 = Release|Any CPU
	EndGlobalSection
	GlobalSection(SolutionProperties) = preSolution
		HideSolutionNode = FALSE
	EndGlobalSection
	GlobalSection(ExtensibilityGlobals) = postSolution
		SolutionGuid = {BCCBC909-0C7F-4CEA-B05F-C9B13BD03D3C}
	EndGlobalSection
EndGlobal
